
Microsoft Visual Studio Solution File, Format Version 12.00
# Visual Studio Version 17
VisualStudioVersion = 17.9.34607.119
MinimumVisualStudioVersion = 10.0.40219.1
Project("{FAE04EC0-301F-11D3-BF4B-00C04F79EFBC}") = "Workaround", "Workaround\Workaround.csproj", "{441699EC-7061-46B0-9035-881664E94E1F}"
EndProject
Project("{FAE04EC0-301F-11D3-BF4B-00C04F79EFBC}") = "Entities", "Entities\Entities.csproj", "{C20305D9-879E-4D17-ACE1-E0CE3020C71F}"
EndProject
Project("{FAE04EC0-301F-11D3-BF4B-00C04F79EFBC}") = "Business", "Business\Business.csproj", "{8D2831B1-5C86-4EA5-8407-664CAC77B05A}"
EndProject
Global
	GlobalSection(SolutionConfigurationPlatforms) = preSolution
		Debug|Any CPU = Debug|Any CPU
		Release|Any CPU = Release|Any CPU
	EndGlobalSection
	GlobalSection(ProjectConfigurationPlatforms) = postSolution
		{441699EC-7061-46B0-9035-881664E94E1F}.Debug|Any CPU.ActiveCfg = Debug|Any CPU
		{441699EC-7061-46B0-9035-881664E94E1F}.Debug|Any CPU.Build.0 = Debug|Any CPU
		{441699EC-7061-46B0-9035-881664E94E1F}.Release|Any CPU.ActiveCfg = Release|Any CPU
		{441699EC-7061-46B0-9035-881664E94E1F}.Release|Any CPU.Build.0 = Release|Any CPU
		{C20305D9-879E-4D17-ACE1-E0CE3020C71F}.Debug|Any CPU.ActiveCfg = Debug|Any CPU
		{C20305D9-879E-4D17-ACE1-E0CE3020C71F}.Debug|Any CPU.Build.0 = Debug|Any CPU
		{C20305D9-879E-4D17-ACE1-E0CE3020C71F}.Release|Any CPU.ActiveCfg = Release|Any CPU
		{C20305D9-879E-4D17-ACE1-E0CE3020C71F}.Release|Any CPU.Build.0 = Release|Any CPU
		{8D2831B1-5C86-4EA5-8407-664CAC77B05A}.Debug|Any CPU.ActiveCfg = Debug|Any CPU
		{8D2831B1-5C86-4EA5-8407-664CAC77B05A}.Debug|Any CPU.Build.0 = Debug|Any CPU
		{8D2831B1-5C86-4EA5-8407-664CAC77B05A}.Release|Any CPU.ActiveCfg = Release|Any CPU
		{8D2831B1-5C86-4EA5-8407-664CAC77B05A}.Release|Any CPU.Build.0 = Release|Any CPU
	EndGlobalSection
	GlobalSection(SolutionProperties) = preSolution
		HideSolutionNode = FALSE
	EndGlobalSection
	GlobalSection(ExtensibilityGlobals) = postSolution
		SolutionGuid = {DD460E36-D44A-42CF-A75C-238EED428177}
	EndGlobalSection
EndGlobal
